{
  "originHash" : "620b1dbf1139e358dd2d31d8aa13c2cfe10fa10801fb6856405cc2b84395d7e0",
  "pins" : [
    {
      "identity" : "enriched-markdown-ios",
      "kind" : "remoteSourceControl",
      "location" : "https://github.com/quolu/enriched-markdown-ios.git",
      "state" : {
        "revision" : "02ace8c0e6eb72278e01580cecef47b1ee8abcc2"
      }
    }
  ],
  "version" : 3
}
